
Microsoft Visual Studio Solution File, Format Version 12.00
# Visual Studio 2013
VisualStudioVersion = 12.0.21005.1
MinimumVisualStudioVersion = 10.0.40219.1
Project("{FAE04EC0-301F-11D3-BF4B-00C04F79EFBC}") = "CapDemo", "CapDemo\CapDemo.csproj", "{8EEB579D-B61D-4AB0-8618-97163A7E4B7B}"
EndProject
Project("{FAE04EC0-301F-11D3-BF4B-00C04F79EFBC}") = "myStruct", "myStruct\myStruct.csproj", "{4C10111D-47DA-46B8-A10B-19C59E3DB76C}"
EndProject
Project("{FAE04EC0-301F-11D3-BF4B-00C04F79EFBC}") = "CapDemo_Client", "CapDemo_Client\CapDemo_Client.csproj", "{F41BB205-DB99-4131-B1EA-1ACFC9C61ED8}"
EndProject
Global
	GlobalSection(SolutionConfigurationPlatforms) = preSolution
		Debug|Any CPU = Debug|Any CPU
		Debug|x64 = Debug|x64
		Release|Any CPU = Release|Any CPU
		Release|x64 = Release|x64
	EndGlobalSection
	GlobalSection(ProjectConfigurationPlatforms) = postSolution
		{8EEB579D-B61D-4AB0-8618-97163A7E4B7B}.Debug|Any CPU.ActiveCfg = Debug|Any CPU
		{8EEB579D-B61D-4AB0-8618-97163A7E4B7B}.Debug|Any CPU.Build.0 = Debug|Any CPU
		{8EEB579D-B61D-4AB0-8618-97163A7E4B7B}.Debug|x64.ActiveCfg = Debug|Any CPU
		{8EEB579D-B61D-4AB0-8618-97163A7E4B7B}.Release|Any CPU.ActiveCfg = Release|Any CPU
		{8EEB579D-B61D-4AB0-8618-97163A7E4B7B}.Release|Any CPU.Build.0 = Release|Any CPU
		{8EEB579D-B61D-4AB0-8618-97163A7E4B7B}.Release|x64.ActiveCfg = Release|Any CPU
		{4C10111D-47DA-46B8-A10B-19C59E3DB76C}.Debug|Any CPU.ActiveCfg = Debug|Any CPU
		{4C10111D-47DA-46B8-A10B-19C59E3DB76C}.Debug|Any CPU.Build.0 = Debug|Any CPU
		{4C10111D-47DA-46B8-A10B-19C59E3DB76C}.Debug|x64.ActiveCfg = Debug|Any CPU
		{4C10111D-47DA-46B8-A10B-19C59E3DB76C}.Release|Any CPU.ActiveCfg = Release|Any CPU
		{4C10111D-47DA-46B8-A10B-19C59E3DB76C}.Release|Any CPU.Build.0 = Release|Any CPU
		{4C10111D-47DA-46B8-A10B-19C59E3DB76C}.Release|x64.ActiveCfg = Release|Any CPU
		{F41BB205-DB99-4131-B1EA-1ACFC9C61ED8}.Debug|Any CPU.ActiveCfg = Debug|Any CPU
		{F41BB205-DB99-4131-B1EA-1ACFC9C61ED8}.Debug|Any CPU.Build.0 = Debug|Any CPU
		{F41BB205-DB99-4131-B1EA-1ACFC9C61ED8}.Debug|x64.ActiveCfg = Debug|Any CPU
		{F41BB205-DB99-4131-B1EA-1ACFC9C61ED8}.Release|Any CPU.ActiveCfg = Release|Any CPU
		{F41BB205-DB99-4131-B1EA-1ACFC9C61ED8}.Release|Any CPU.Build.0 = Release|Any CPU
		{F41BB205-DB99-4131-B1EA-1ACFC9C61ED8}.Release|x64.ActiveCfg = Release|Any CPU
	EndGlobalSection
	GlobalSection(SolutionProperties) = preSolution
		HideSolutionNode = FALSE
	EndGlobalSection
EndGlobal
